{
  "version": 1,
  "dependencies": {
    ".NETCoreApp,Version=v3.1": {
      "FluentValidation": {
        "type": "Direct",
        "requested": "[11.1.0, )",
        "resolved": "11.1.0",
        "contentHash": "Ld7w+2jOmnhQqFkngEGuEWTRa5j6u4Xzli7jKxRtbA5PtuHHcpin01qxvxYL0LomeJuzRMGAOURu2rKONdjKQA=="
      },
      "SecurityCodeScan.VS2019": {
        "type": "Direct",
        "requested": "[5.6.2, )",
        "resolved": "5.6.2",
        "contentHash": "4zuRJjg2YlmJua7XB53ZRB1iWbyJdbld2YOxLcmchWstU6kz4x6T8Ym/SY8g5ZyFWDreWWn52g+znx6Xcx+BPg=="
      }
    }
  }
}